
Microsoft Visual Studio Solution File, Format Version 12.00
# Visual Studio Version 16
VisualStudioVersion = 16.0.33801.447
MinimumVisualStudioVersion = 10.0.40219.1
Project("{FAE04EC0-301F-11D3-BF4B-00C04F79EFBC}") = "CSharpCourse", "CSharpCourse\CSharpCourse.csproj", "{4A285D85-3C05-425C-902B-960111CC7261}"
EndProject
Project("{FAE04EC0-301F-11D3-BF4B-00C04F79EFBC}") = "StudentSystem", "StudentSystem\StudentSystem.csproj", "{B18605C7-069F-426E-85C2-EEB2C1C588F3}"
EndProject
Global
	GlobalSection(SolutionConfigurationPlatforms) = preSolution
		Debug|Any CPU = Debug|Any CPU
		Release|Any CPU = Release|Any CPU
	EndGlobalSection
	GlobalSection(ProjectConfigurationPlatforms) = postSolution
		{4A285D85-3C05-425C-902B-960111CC7261}.Debug|Any CPU.ActiveCfg = Debug|Any CPU
		{4A285D85-3C05-425C-902B-960111CC7261}.Debug|Any CPU.Build.0 = Debug|Any CPU
		{4A285D85-3C05-425C-902B-960111CC7261}.Release|Any CPU.ActiveCfg = Release|Any CPU
		{4A285D85-3C05-425C-902B-960111CC7261}.Release|Any CPU.Build.0 = Release|Any CPU
		{B18605C7-069F-426E-85C2-EEB2C1C588F3}.Debug|Any CPU.ActiveCfg = Debug|Any CPU
		{B18605C7-069F-426E-85C2-EEB2C1C588F3}.Debug|Any CPU.Build.0 = Debug|Any CPU
		{B18605C7-069F-426E-85C2-EEB2C1C588F3}.Release|Any CPU.ActiveCfg = Release|Any CPU
		{B18605C7-069F-426E-85C2-EEB2C1C588F3}.Release|Any CPU.Build.0 = Release|Any CPU
	EndGlobalSection
	GlobalSection(SolutionProperties) = preSolution
		HideSolutionNode = FALSE
	EndGlobalSection
	GlobalSection(ExtensibilityGlobals) = postSolution
		SolutionGuid = {BF18F771-93F8-45A1-9A8E-0955BA7DEFC7}
	EndGlobalSection
EndGlobal
